
Microsoft Visual Studio Solution File, Format Version 12.00
# Visual Studio Version 17
VisualStudioVersion = 17.12.35527.113
MinimumVisualStudioVersion = 10.0.40219.1
Project("{FAE04EC0-301F-11D3-BF4B-00C04F79EFBC}") = "ConectarBD", "ConectarBD\ConectarBD.csproj", "{F6CC554B-F8CF-4AAD-BC28-0098614C00E6}"
EndProject
Project("{FAE04EC0-301F-11D3-BF4B-00C04F79EFBC}") = "ConectarBD_2", "ConectarBD_2.0\ConectarBD_2.csproj", "{ACF41D39-EE28-4286-9FB9-0A52F90091B8}"
EndProject
Global
	GlobalSection(SolutionConfigurationPlatforms) = preSolution
		Debug|Any CPU = Debug|Any CPU
		Release|Any CPU = Release|Any CPU
	EndGlobalSection
	GlobalSection(ProjectConfigurationPlatforms) = postSolution
		{F6CC554B-F8CF-4AAD-BC28-0098614C00E6}.Debug|Any CPU.ActiveCfg = Debug|Any CPU
		{F6CC554B-F8CF-4AAD-BC28-0098614C00E6}.Debug|Any CPU.Build.0 = Debug|Any CPU
		{F6CC554B-F8CF-4AAD-BC28-0098614C00E6}.Release|Any CPU.ActiveCfg = Release|Any CPU
		{F6CC554B-F8CF-4AAD-BC28-0098614C00E6}.Release|Any CPU.Build.0 = Release|Any CPU
		{ACF41D39-EE28-4286-9FB9-0A52F90091B8}.Debug|Any CPU.ActiveCfg = Debug|Any CPU
		{ACF41D39-EE28-4286-9FB9-0A52F90091B8}.Debug|Any CPU.Build.0 = Debug|Any CPU
		{ACF41D39-EE28-4286-9FB9-0A52F90091B8}.Release|Any CPU.ActiveCfg = Release|Any CPU
		{ACF41D39-EE28-4286-9FB9-0A52F90091B8}.Release|Any CPU.Build.0 = Release|Any CPU
	EndGlobalSection
	GlobalSection(SolutionProperties) = preSolution
		HideSolutionNode = FALSE
	EndGlobalSection
EndGlobal
