
Microsoft Visual Studio Solution File, Format Version 12.00
# Visual Studio Version 17
VisualStudioVersion = 17.11.35222.181
MinimumVisualStudioVersion = 10.0.40219.1
Project("{FAE04EC0-301F-11D3-BF4B-00C04F79EFBC}") = "ArraysComoParametros", "ArraysComoParametros\ArraysComoParametros.csproj", "{AF8FC05D-2704-41C6-A2A5-616E083DB6EE}"
EndProject
Global
	GlobalSection(SolutionConfigurationPlatforms) = preSolution
		Debug|Any CPU = Debug|Any CPU
		Release|Any CPU = Release|Any CPU
	EndGlobalSection
	GlobalSection(ProjectConfigurationPlatforms) = postSolution
		{AF8FC05D-2704-41C6-A2A5-616E083DB6EE}.Debug|Any CPU.ActiveCfg = Debug|Any CPU
		{AF8FC05D-2704-41C6-A2A5-616E083DB6EE}.Debug|Any CPU.Build.0 = Debug|Any CPU
		{AF8FC05D-2704-41C6-A2A5-616E083DB6EE}.Release|Any CPU.ActiveCfg = Release|Any CPU
		{AF8FC05D-2704-41C6-A2A5-616E083DB6EE}.Release|Any CPU.Build.0 = Release|Any CPU
	EndGlobalSection
	GlobalSection(SolutionProperties) = preSolution
		HideSolutionNode = FALSE
	EndGlobalSection
	GlobalSection(ExtensibilityGlobals) = postSolution
		SolutionGuid = {70CB0ECD-290A-49C9-BABC-0164F1A9C098}
	EndGlobalSection
EndGlobal
