
Microsoft Visual Studio Solution File, Format Version 12.00
# Visual Studio Version 17
VisualStudioVersion = 17.10.34916.146
MinimumVisualStudioVersion = 10.0.40219.1
Project("{FAE04EC0-301F-11D3-BF4B-00C04F79EFBC}") = "GestorNotas", "GestorNotas\GestorNotas.csproj", "{6E263C5C-BFEF-4B2C-858C-F0522F543395}"
EndProject
Global
	GlobalSection(SolutionConfigurationPlatforms) = preSolution
		Debug|Any CPU = Debug|Any CPU
		Release|Any CPU = Release|Any CPU
	EndGlobalSection
	GlobalSection(ProjectConfigurationPlatforms) = postSolution
		{6E263C5C-BFEF-4B2C-858C-F0522F543395}.Debug|Any CPU.ActiveCfg = Debug|Any CPU
		{6E263C5C-BFEF-4B2C-858C-F0522F543395}.Debug|Any CPU.Build.0 = Debug|Any CPU
		{6E263C5C-BFEF-4B2C-858C-F0522F543395}.Release|Any CPU.ActiveCfg = Release|Any CPU
		{6E263C5C-BFEF-4B2C-858C-F0522F543395}.Release|Any CPU.Build.0 = Release|Any CPU
	EndGlobalSection
	GlobalSection(SolutionProperties) = preSolution
		HideSolutionNode = FALSE
	EndGlobalSection
	GlobalSection(ExtensibilityGlobals) = postSolution
		SolutionGuid = {54F84BF9-1294-47B9-9885-3FA5CC3256A9}
	EndGlobalSection
EndGlobal
