
Microsoft Visual Studio Solution File, Format Version 12.00
# Visual Studio Version 17
VisualStudioVersion = 17.11.35222.181
MinimumVisualStudioVersion = 10.0.40219.1
Project("{FAE04EC0-301F-11D3-BF4B-00C04F79EFBC}") = "Herencia", "Herencia\Herencia.csproj", "{B2262B16-B598-4E42-B67E-5E55058AE103}"
EndProject
Global
	GlobalSection(SolutionConfigurationPlatforms) = preSolution
		Debug|Any CPU = Debug|Any CPU
		Release|Any CPU = Release|Any CPU
	EndGlobalSection
	GlobalSection(ProjectConfigurationPlatforms) = postSolution
		{B2262B16-B598-4E42-B67E-5E55058AE103}.Debug|Any CPU.ActiveCfg = Debug|Any CPU
		{B2262B16-B598-4E42-B67E-5E55058AE103}.Debug|Any CPU.Build.0 = Debug|Any CPU
		{B2262B16-B598-4E42-B67E-5E55058AE103}.Release|Any CPU.ActiveCfg = Release|Any CPU
		{B2262B16-B598-4E42-B67E-5E55058AE103}.Release|Any CPU.Build.0 = Release|Any CPU
	EndGlobalSection
	GlobalSection(SolutionProperties) = preSolution
		HideSolutionNode = FALSE
	EndGlobalSection
	GlobalSection(ExtensibilityGlobals) = postSolution
		SolutionGuid = {80096DF0-7A70-45D7-AB55-6C2194C7E987}
	EndGlobalSection
EndGlobal
